// !$*UTF8*$!
{
	archiveVersion = 1;
	classes = {
	};
	objectVersion = 55;
	objects = {

/* Begin PBXBuildFile section */
		A130DF2327D0AC6D0023A4BE /* AppDelegate.swift in Sources */ = {isa = PBXBuildFile; fileRef = A130DF2227D0AC6D0023A4BE /* AppDelegate.swift */; };
		A130DF2527D0AC6D0023A4BE /* SceneDelegate.swift in Sources */ = {isa = PBXBuildFile; fileRef = A130DF2427D0AC6D0023A4BE /* SceneDelegate.swift */; };
		A130DF2727D0AC6D0023A4BE /* ViewController.swift in Sources */ = {isa = PBXBuildFile; fileRef = A130DF2627D0AC6D0023A4BE /* ViewController.swift */; };
		A130DF2A27D0AC6D0023A4BE /* Main.storyboard in Resources */ = {isa = PBXBuildFile; fileRef = A130DF2827D0AC6D0023A4BE /* Main.storyboard */; };
		A130DF2C27D0AC6E0023A4BE /* Assets.xcassets in Resources */ = {isa = PBXBuildFile; fileRef = A130DF2B27D0AC6E0023A4BE /* Assets.xcassets */; };
		A130DF2F27D0AC6E0023A4BE /* LaunchScreen.storyboard in Resources */ = {isa = PBXBuildFile; fileRef = A130DF2D27D0AC6E0023A4BE /* LaunchScreen.storyboard */; };
		A130DF3727D22E240023A4BE /* GenreSelectViewController.swift in Sources */ = {isa = PBXBuildFile; fileRef = A130DF3627D22E230023A4BE /* GenreSelectViewController.swift */; };
		A130DF3A27D31F310023A4BE /* Realm in Frameworks */ = {isa = PBXBuildFile; productRef = A130DF3927D31F310023A4BE /* Realm */; };
		A130DF3C27D31F310023A4BE /* RealmSwift in Frameworks */ = {isa = PBXBuildFile; productRef = A130DF3B27D31F310023A4BE /* RealmSwift */; };
		A130DF3E27D3245F0023A4BE /* Info.swift in Sources */ = {isa = PBXBuildFile; fileRef = A130DF3D27D3245F0023A4BE /* Info.swift */; };
		A130DF4127D501E00023A4BE /* ListTableViewCell.swift in Sources */ = {isa = PBXBuildFile; fileRef = A130DF3F27D501DF0023A4BE /* ListTableViewCell.swift */; };
		A130DF4227D501E00023A4BE /* ListTableViewCell.xib in Resources */ = {isa = PBXBuildFile; fileRef = A130DF4027D501DF0023A4BE /* ListTableViewCell.xib */; };
		A130DF4427D501FD0023A4BE /* ListViewController.swift in Sources */ = {isa = PBXBuildFile; fileRef = A130DF4327D501FD0023A4BE /* ListViewController.swift */; };
		A130DF4627D505FA0023A4BE /* DetailViewController.swift in Sources */ = {isa = PBXBuildFile; fileRef = A130DF4527D505FA0023A4BE /* DetailViewController.swift */; };
		A145B58827DB2821006741DF /* NaviViewController.swift in Sources */ = {isa = PBXBuildFile; fileRef = A145B58727DB2821006741DF /* NaviViewController.swift */; };
/* End PBXBuildFile section */

/* Begin PBXFileReference section */
		A130DF1F27D0AC6D0023A4BE /* Purari.app */ = {isa = PBXFileReference; explicitFileType = wrapper.application; includeInIndex = 0; path = Purari.app; sourceTree = BUILT_PRODUCTS_DIR; };
		A130DF2227D0AC6D0023A4BE /* AppDelegate.swift */ = {isa = PBXFileReference; lastKnownFileType = sourcecode.swift; path = AppDelegate.swift; sourceTree = "<group>"; };
		A130DF2427D0AC6D0023A4BE /* SceneDelegate.swift */ = {isa = PBXFileReference; lastKnownFileType = sourcecode.swift; path = SceneDelegate.swift; sourceTree = "<group>"; };
		A130DF2627D0AC6D0023A4BE /* ViewController.swift */ = {isa = PBXFileReference; lastKnownFileType = sourcecode.swift; path = ViewController.swift; sourceTree = "<group>"; };
		A130DF2927D0AC6D0023A4BE /* Base */ = {isa = PBXFileReference; lastKnownFileType = file.storyboard; name = Base; path = Base.lproj/Main.storyboard; sourceTree = "<group>"; };
		A130DF2B27D0AC6E0023A4BE /* Assets.xcassets */ = {isa = PBXFileReference; lastKnownFileType = folder.assetcatalog; path = Assets.xcassets; sourceTree = "<group>"; };
		A130DF2E27D0AC6E0023A4BE /* Base */ = {isa = PBXFileReference; lastKnownFileType = file.storyboard; name = Base; path = Base.lproj/LaunchScreen.storyboard; sourceTree = "<group>"; };
		A130DF3027D0AC6E0023A4BE /* Info.plist */ = {isa = PBXFileReference; lastKnownFileType = text.plist.xml; path = Info.plist; sourceTree = "<group>"; };
		A130DF3627D22E230023A4BE /* GenreSelectViewController.swift */ = {isa = PBXFileReference; lastKnownFileType = sourcecode.swift; path = GenreSelectViewController.swift; sourceTree = "<group>"; };
		A130DF3D27D3245F0023A4BE /* Info.swift */ = {isa = PBXFileReference; lastKnownFileType = sourcecode.swift; path = Info.swift; sourceTree = "<group>"; };
		A130DF3F27D501DF0023A4BE /* ListTableViewCell.swift */ = {isa = PBXFileReference; lastKnownFileType = sourcecode.swift; path = ListTableViewCell.swift; sourceTree = "<group>"; };
		A130DF4027D501DF0023A4BE /* ListTableViewCell.xib */ = {isa = PBXFileReference; lastKnownFileType = file.xib; path = ListTableViewCell.xib; sourceTree = "<group>"; };
		A130DF4327D501FD0023A4BE /* ListViewController.swift */ = {isa = PBXFileReference; lastKnownFileType = sourcecode.swift; path = ListViewController.swift; sourceTree = "<group>"; };
		A130DF4527D505FA0023A4BE /* DetailViewController.swift */ = {isa = PBXFileReference; lastKnownFileType = sourcecode.swift; path = DetailViewController.swift; sourceTree = "<group>"; };
		A145B58727DB2821006741DF /* NaviViewController.swift */ = {isa = PBXFileReference; lastKnownFileType = sourcecode.swift; path = NaviViewController.swift; sourceTree = "<group>"; };
/* End PBXFileReference section */

/* Begin PBXFrameworksBuildPhase section */
		A130DF1C27D0AC6D0023A4BE /* Frameworks */ = {
			isa = PBXFrameworksBuildPhase;
			buildActionMask = 2147483647;
			files = (
				A130DF3C27D31F310023A4BE /* RealmSwift in Frameworks */,
				A130DF3A27D31F310023A4BE /* Realm in Frameworks */,
			);
			runOnlyForDeploymentPostprocessing = 0;
		};
/* End PBXFrameworksBuildPhase section */

/* Begin PBXGroup section */
		A130DF1627D0AC6D0023A4BE = {
			isa = PBXGroup;
			children = (
				A130DF2127D0AC6D0023A4BE /* Purari */,
				A130DF2027D0AC6D0023A4BE /* Products */,
			);
			sourceTree = "<group>";
		};
		A130DF2027D0AC6D0023A4BE /* Products */ = {
			isa = PBXGroup;
			children = (
				A130DF1F27D0AC6D0023A4BE /* Purari.app */,
			);
			name = Products;
			sourceTree = "<group>";
		};
		A130DF2127D0AC6D0023A4BE /* Purari */ = {
			isa = PBXGroup;
			children = (
				A130DF2227D0AC6D0023A4BE /* AppDelegate.swift */,
				A130DF2427D0AC6D0023A4BE /* SceneDelegate.swift */,
				A130DF2827D0AC6D0023A4BE /* Main.storyboard */,
				A130DF3D27D3245F0023A4BE /* Info.swift */,
				A145B58727DB2821006741DF /* NaviViewController.swift */,
				A130DF2B27D0AC6E0023A4BE /* Assets.xcassets */,
				A130DF2D27D0AC6E0023A4BE /* LaunchScreen.storyboard */,
				A130DF3027D0AC6E0023A4BE /* Info.plist */,
				A130DF2627D0AC6D0023A4BE /* ViewController.swift */,
				A130DF3627D22E230023A4BE /* GenreSelectViewController.swift */,
				A130DF3F27D501DF0023A4BE /* ListTableViewCell.swift */,
				A130DF4027D501DF0023A4BE /* ListTableViewCell.xib */,
				A130DF4327D501FD0023A4BE /* ListViewController.swift */,
				A130DF4527D505FA0023A4BE /* DetailViewController.swift */,
			);
			path = Purari;
			sourceTree = "<group>";
		};
/* End PBXGroup section */

/* Begin PBXNativeTarget section */
		A130DF1E27D0AC6D0023A4BE /* Purari */ = {
			isa = PBXNativeTarget;
			buildConfigurationList = A130DF3327D0AC6E0023A4BE /* Build configuration list for PBXNativeTarget "Purari" */;
			buildPhases = (
				A130DF1B27D0AC6D0023A4BE /* Sources */,
				A130DF1C27D0AC6D0023A4BE /* Frameworks */,
				A130DF1D27D0AC6D0023A4BE /* Resources */,
			);
			buildRules = (
			);
			dependencies = (
			);
			name = Purari;
			packageProductDependencies = (
				A130DF3927D31F310023A4BE /* Realm */,
				A130DF3B27D31F310023A4BE /* RealmSwift */,
			);
			productName = Purari;
			productReference = A130DF1F27D0AC6D0023A4BE /* Purari.app */;
			productType = "com.apple.product-type.application";
		};
/* End PBXNativeTarget section */

/* Begin PBXProject section */
		A130DF1727D0AC6D0023A4BE /* Project object */ = {
			isa = PBXProject;
			attributes = {
				BuildIndependentTargetsInParallel = 1;
				LastSwiftUpdateCheck = 1320;
				LastUpgradeCheck = 1320;
				TargetAttributes = {
					A130DF1E27D0AC6D0023A4BE = {
						CreatedOnToolsVersion = 13.2.1;
					};
				};
			};
			buildConfigurationList = A130DF1A27D0AC6D0023A4BE /* Build configuration list for PBXProject "Purari" */;
			compatibilityVersion = "Xcode 13.0";
			developmentRegion = en;
			hasScannedForEncodings = 0;
			knownRegions = (
				en,
				Base,
			);
			mainGroup = A130DF1627D0AC6D0023A4BE;
			packageReferences = (
				A130DF3827D31F310023A4BE /* XCRemoteSwiftPackageReference "realm-swift" */,
			);
			productRefGroup = A130DF2027D0AC6D0023A4BE /* Products */;
			projectDirPath = "";
			projectRoot = "";
			targets = (
				A130DF1E27D0AC6D0023A4BE /* Purari */,
			);
		};
/* End PBXProject section */

/* Begin PBXResourcesBuildPhase section */
		A130DF1D27D0AC6D0023A4BE /* Resources */ = {
			isa = PBXResourcesBuildPhase;
			buildActionMask = 2147483647;
			files = (
				A130DF2F27D0AC6E0023A4BE /* LaunchScreen.storyboard in Resources */,
				A130DF4227D501E00023A4BE /* ListTableViewCell.xib in Resources */,
				A130DF2C27D0AC6E0023A4BE /* Assets.xcassets in Resources */,
				A130DF2A27D0AC6D0023A4BE /* Main.storyboard in Resources */,
			);
			runOnlyForDeploymentPostprocessing = 0;
		};
/* End PBXResourcesBuildPhase section */

/* Begin PBXSourcesBuildPhase section */
		A130DF1B27D0AC6D0023A4BE /* Sources */ = {
			isa = PBXSourcesBuildPhase;
			buildActionMask = 2147483647;
			files = (
				A130DF2727D0AC6D0023A4BE /* ViewController.swift in Sources */,
				A130DF2327D0AC6D0023A4BE /* AppDelegate.swift in Sources */,
				A130DF3727D22E240023A4BE /* GenreSelectViewController.swift in Sources */,
				A130DF3E27D3245F0023A4BE /* Info.swift in Sources */,
				A145B58827DB2821006741DF /* NaviViewController.swift in Sources */,
				A130DF2527D0AC6D0023A4BE /* SceneDelegate.swift in Sources */,
				A130DF4127D501E00023A4BE /* ListTableViewCell.swift in Sources */,
				A130DF4427D501FD0023A4BE /* ListViewController.swift in Sources */,
				A130DF4627D505FA0023A4BE /* DetailViewController.swift in Sources */,
			);
			runOnlyForDeploymentPostprocessing = 0;
		};
/* End PBXSourcesBuildPhase section */

/* Begin PBXVariantGroup section */
		A130DF2827D0AC6D0023A4BE /* Main.storyboard */ = {
			isa = PBXVariantGroup;
			children = (
				A130DF2927D0AC6D0023A4BE /* Base */,
			);
			name = Main.storyboard;
			sourceTree = "<group>";
		};
		A130DF2D27D0AC6E0023A4BE /* LaunchScreen.storyboard */ = {
			isa = PBXVariantGroup;
			children = (
				A130DF2E27D0AC6E0023A4BE /* Base */,
			);
			name = LaunchScreen.storyboard;
			sourceTree = "<group>";
		};
/* End PBXVariantGroup section */

/* Begin XCBuildConfiguration section */
		A130DF3127D0AC6E0023A4BE /* Debug */ = {
			isa = XCBuildConfiguration;
			buildSettings = {
				ALWAYS_SEARCH_USER_PATHS = NO;
				CLANG_ANALYZER_NONNULL = YES;
				CLANG_ANALYZER_NUMBER_OBJECT_CONVERSION = YES_AGGRESSIVE;
				CLANG_CXX_LANGUAGE_STANDARD = "gnu++17";
				CLANG_CXX_LIBRARY = "libc++";
				CLANG_ENABLE_MODULES = YES;
				CLANG_ENABLE_OBJC_ARC = YES;
				CLANG_ENABLE_OBJC_WEAK = YES;
				CLANG_WARN_BLOCK_CAPTURE_AUTORELEASING = YES;
				CLANG_WARN_BOOL_CONVERSION = YES;
				CLANG_WARN_COMMA = YES;
				CLANG_WARN_CONSTANT_CONVERSION = YES;
				CLANG_WARN_DEPRECATED_OBJC_IMPLEMENTATIONS = YES;
				CLANG_WARN_DIRECT_OBJC_ISA_USAGE = YES_ERROR;
				CLANG_WARN_DOCUMENTATION_COMMENTS = YES;
				CLANG_WARN_EMPTY_BODY = YES;
				CLANG_WARN_ENUM_CONVERSION = YES;
				CLANG_WARN_INFINITE_RECURSION = YES;
				CLANG_WARN_INT_CONVERSION = YES;
				CLANG_WARN_NON_LITERAL_NULL_CONVERSION = YES;
				CLANG_WARN_OBJC_IMPLICIT_RETAIN_SELF = YES;
				CLANG_WARN_OBJC_LITERAL_CONVERSION = YES;
				CLANG_WARN_OBJC_ROOT_CLASS = YES_ERROR;
				CLANG_WARN_QUOTED_INCLUDE_IN_FRAMEWORK_HEADER = YES;
				CLANG_WARN_RANGE_LOOP_ANALYSIS = YES;
				CLANG_WARN_STRICT_PROTOTYPES = YES;
				CLANG_WARN_SUSPICIOUS_MOVE = YES;
				CLANG_WARN_UNGUARDED_AVAILABILITY = YES_AGGRESSIVE;
				CLANG_WARN_UNREACHABLE_CODE = YES;
				CLANG_WARN__DUPLICATE_METHOD_MATCH = YES;
				COPY_PHASE_STRIP = NO;
				DEBUG_INFORMATION_FORMAT = dwarf;
				ENABLE_STRICT_OBJC_MSGSEND = YES;
				ENABLE_TESTABILITY = YES;
				GCC_C_LANGUAGE_STANDARD = gnu11;
				GCC_DYNAMIC_NO_PIC = NO;
				GCC_NO_COMMON_BLOCKS = YES;
				GCC_OPTIMIZATION_LEVEL = 0;
				GCC_PREPROCESSOR_DEFINITIONS = (
					"DEBUG=1",
					"$(inherited)",
				);
				GCC_WARN_64_TO_32_BIT_CONVERSION = YES;
				GCC_WARN_ABOUT_RETURN_TYPE = YES_ERROR;
				GCC_WARN_UNDECLARED_SELECTOR = YES;
				GCC_WARN_UNINITIALIZED_AUTOS = YES_AGGRESSIVE;
				GCC_WARN_UNUSED_FUNCTION = YES;
				GCC_WARN_UNUSED_VARIABLE = YES;
				IPHONEOS_DEPLOYMENT_TARGET = 15.2;
				MTL_ENABLE_DEBUG_INFO = INCLUDE_SOURCE;
				MTL_FAST_MATH = YES;
				ONLY_ACTIVE_ARCH = YES;
				SDKROOT = iphoneos;
				SWIFT_ACTIVE_COMPILATION_CONDITIONS = DEBUG;
				SWIFT_OPTIMIZATION_LEVEL = "-Onone";
			};
			name = Debug;
		};
		A130DF3227D0AC6E0023A4BE /* Release */ = {
			isa = XCBuildConfiguration;
			buildSettings = {
				ALWAYS_SEARCH_USER_PATHS = NO;
				CLANG_ANALYZER_NONNULL = YES;
				CLANG_ANALYZER_NUMBER_OBJECT_CONVERSION = YES_AGGRESSIVE;
				CLANG_CXX_LANGUAGE_STANDARD = "gnu++17";
				CLANG_CXX_LIBRARY = "libc++";
				CLANG_ENABLE_MODULES = YES;
				CLANG_ENABLE_OBJC_ARC = YES;
				CLANG_ENABLE_OBJC_WEAK = YES;
				CLANG_WARN_BLOCK_CAPTURE_AUTORELEASING = YES;
				CLANG_WARN_BOOL_CONVERSION = YES;
				CLANG_WARN_COMMA = YES;
				CLANG_WARN_CONSTANT_CONVERSION = YES;
				CLANG_WARN_DEPRECATED_OBJC_IMPLEMENTATIONS = YES;
				CLANG_WARN_DIRECT_OBJC_ISA_USAGE = YES_ERROR;
				CLANG_WARN_DOCUMENTATION_COMMENTS = YES;
				CLANG_WARN_EMPTY_BODY = YES;
				CLANG_WARN_ENUM_CONVERSION = YES;
				CLANG_WARN_INFINITE_RECURSION = YES;
				CLANG_WARN_INT_CONVERSION = YES;
				CLANG_WARN_NON_LITERAL_NULL_CONVERSION = YES;
				CLANG_WARN_OBJC_IMPLICIT_RETAIN_SELF = YES;
				CLANG_WARN_OBJC_LITERAL_CONVERSION = YES;
				CLANG_WARN_OBJC_ROOT_CLASS = YES_ERROR;
				CLANG_WARN_QUOTED_INCLUDE_IN_FRAMEWORK_HEADER = YES;
				CLANG_WARN_RANGE_LOOP_ANALYSIS = YES;
				CLANG_WARN_STRICT_PROTOTYPES = YES;
				CLANG_WARN_SUSPICIOUS_MOVE = YES;
				CLANG_WARN_UNGUARDED_AVAILABILITY = YES_AGGRESSIVE;
				CLANG_WARN_UNREACHABLE_CODE = YES;
				CLANG_WARN__DUPLICATE_METHOD_MATCH = YES;
				COPY_PHASE_STRIP = NO;
				DEBUG_INFORMATION_FORMAT = "dwarf-with-dsym";
				ENABLE_NS_ASSERTIONS = NO;
				ENABLE_STRICT_OBJC_MSGSEND = YES;
				GCC_C_LANGUAGE_STANDARD = gnu11;
				GCC_NO_COMMON_BLOCKS = YES;
				GCC_WARN_64_TO_32_BIT_CONVERSION = YES;
				GCC_WARN_ABOUT_RETURN_TYPE = YES_ERROR;
				GCC_WARN_UNDECLARED_SELECTOR = YES;
				GCC_WARN_UNINITIALIZED_AUTOS = YES_AGGRESSIVE;
				GCC_WARN_UNUSED_FUNCTION = YES;
				GCC_WARN_UNUSED_VARIABLE = YES;
				IPHONEOS_DEPLOYMENT_TARGET = 15.2;
				MTL_ENABLE_DEBUG_INFO = NO;
				MTL_FAST_MATH = YES;
				SDKROOT = iphoneos;
				SWIFT_COMPILATION_MODE = wholemodule;
				SWIFT_OPTIMIZATION_LEVEL = "-O";
				VALIDATE_PRODUCT = YES;
			};
			name = Release;
		};
		A130DF3427D0AC6E0023A4BE /* Debug */ = {
			isa = XCBuildConfiguration;
			buildSettings = {
				ASSETCATALOG_COMPILER_APPICON_NAME = AppIcon;
				ASSETCATALOG_COMPILER_GLOBAL_ACCENT_COLOR_NAME = AccentColor;
				CODE_SIGN_STYLE = Automatic;
				CURRENT_PROJECT_VERSION = 1;
				DEVELOPMENT_TEAM = 743J7J89D4;
				GENERATE_INFOPLIST_FILE = YES;
				INFOPLIST_FILE = Purari/Info.plist;
				INFOPLIST_KEY_NSLocationAlwaysAndWhenInUseUsageDescription = "位置情報を取得します。OK?";
				INFOPLIST_KEY_NSLocationAlwaysUsageDescription = "位置情報を取得します。OK?";
				INFOPLIST_KEY_NSLocationUsageDescription = "位置情報を取得します。OK?";
				INFOPLIST_KEY_NSLocationWhenInUseUsageDescription = "位置情報を取得します。OK?";
				INFOPLIST_KEY_UIApplicationSupportsIndirectInputEvents = YES;
				INFOPLIST_KEY_UILaunchStoryboardName = LaunchScreen;
				INFOPLIST_KEY_UIMainStoryboardFile = Main;
				INFOPLIST_KEY_UISupportedInterfaceOrientations_iPad = "UIInterfaceOrientationPortrait UIInterfaceOrientationPortraitUpsideDown UIInterfaceOrientationLandscapeLeft UIInterfaceOrientationLandscapeRight";
				INFOPLIST_KEY_UISupportedInterfaceOrientations_iPhone = "UIInterfaceOrientationPortrait UIInterfaceOrientationLandscapeLeft UIInterfaceOrientationLandscapeRight";
				IPHONEOS_DEPLOYMENT_TARGET = 15.2;
				LD_RUNPATH_SEARCH_PATHS = (
					"$(inherited)",
					"@executable_path/Frameworks",
				);
				MARKETING_VERSION = 1.0;
				PRODUCT_BUNDLE_IDENTIFIER = purariApp.emily;
				PRODUCT_NAME = "$(TARGET_NAME)";
				SWIFT_EMIT_LOC_STRINGS = YES;
				SWIFT_VERSION = 5.0;
				TARGETED_DEVICE_FAMILY = "1,2";
			};
			name = Debug;
		};
		A130DF3527D0AC6E0023A4BE /* Release */ = {
			isa = XCBuildConfiguration;
			buildSettings = {
				ASSETCATALOG_COMPILER_APPICON_NAME = AppIcon;
				ASSETCATALOG_COMPILER_GLOBAL_ACCENT_COLOR_NAME = AccentColor;
				CODE_SIGN_STYLE = Automatic;
				CURRENT_PROJECT_VERSION = 1;
				DEVELOPMENT_TEAM = 743J7J89D4;
				GENERATE_INFOPLIST_FILE = YES;
				INFOPLIST_FILE = Purari/Info.plist;
				INFOPLIST_KEY_NSLocationAlwaysAndWhenInUseUsageDescription = "位置情報を取得します。OK?";
				INFOPLIST_KEY_NSLocationAlwaysUsageDescription = "位置情報を取得します。OK?";
				INFOPLIST_KEY_NSLocationUsageDescription = "位置情報を取得します。OK?";
				INFOPLIST_KEY_NSLocationWhenInUseUsageDescription = "位置情報を取得します。OK?";
				INFOPLIST_KEY_UIApplicationSupportsIndirectInputEvents = YES;
				INFOPLIST_KEY_UILaunchStoryboardName = LaunchScreen;
				INFOPLIST_KEY_UIMainStoryboardFile = Main;
				INFOPLIST_KEY_UISupportedInterfaceOrientations_iPad = "UIInterfaceOrientationPortrait UIInterfaceOrientationPortraitUpsideDown UIInterfaceOrientationLandscapeLeft UIInterfaceOrientationLandscapeRight";
				INFOPLIST_KEY_UISupportedInterfaceOrientations_iPhone = "UIInterfaceOrientationPortrait UIInterfaceOrientationLandscapeLeft UIInterfaceOrientationLandscapeRight";
				IPHONEOS_DEPLOYMENT_TARGET = 15.2;
				LD_RUNPATH_SEARCH_PATHS = (
					"$(inherited)",
					"@executable_path/Frameworks",
				);
				MARKETING_VERSION = 1.0;
				PRODUCT_BUNDLE_IDENTIFIER = purariApp.emily;
				PRODUCT_NAME = "$(TARGET_NAME)";
				SWIFT_EMIT_LOC_STRINGS = YES;
				SWIFT_VERSION = 5.0;
				TARGETED_DEVICE_FAMILY = "1,2";
			};
			name = Release;
		};
/* End XCBuildConfiguration section */

/* Begin XCConfigurationList section */
		A130DF1A27D0AC6D0023A4BE /* Build configuration list for PBXProject "Purari" */ = {
			isa = XCConfigurationList;
			buildConfigurations = (
				A130DF3127D0AC6E0023A4BE /* Debug */,
				A130DF3227D0AC6E0023A4BE /* Release */,
			);
			defaultConfigurationIsVisible = 0;
			defaultConfigurationName = Release;
		};
		A130DF3327D0AC6E0023A4BE /* Build configuration list for PBXNativeTarget "Purari" */ = {
			isa = XCConfigurationList;
			buildConfigurations = (
				A130DF3427D0AC6E0023A4BE /* Debug */,
				A130DF3527D0AC6E0023A4BE /* Release */,
			);
			defaultConfigurationIsVisible = 0;
			defaultConfigurationName = Release;
		};
/* End XCConfigurationList section */

/* Begin XCRemoteSwiftPackageReference section */
		A130DF3827D31F310023A4BE /* XCRemoteSwiftPackageReference "realm-swift" */ = {
			isa = XCRemoteSwiftPackageReference;
			repositoryURL = "https://github.com/realm/realm-swift";
			requirement = {
				branch = master;
				kind = branch;
			};
		};
/* End XCRemoteSwiftPackageReference section */

/* Begin XCSwiftPackageProductDependency section */
		A130DF3927D31F310023A4BE /* Realm */ = {
			isa = XCSwiftPackageProductDependency;
			package = A130DF3827D31F310023A4BE /* XCRemoteSwiftPackageReference "realm-swift" */;
			productName = Realm;
		};
		A130DF3B27D31F310023A4BE /* RealmSwift */ = {
			isa = XCSwiftPackageProductDependency;
			package = A130DF3827D31F310023A4BE /* XCRemoteSwiftPackageReference "realm-swift" */;
			productName = RealmSwift;
		};
/* End XCSwiftPackageProductDependency section */
	};
	rootObject = A130DF1727D0AC6D0023A4BE /* Project object */;
}
